
Microsoft Visual Studio Solution File, Format Version 12.00
# Visual Studio Version 17
VisualStudioVersion = 17.4.33110.190
MinimumVisualStudioVersion = 10.0.40219.1
Project("{FAE04EC0-301F-11D3-BF4B-00C04F79EFBC}") = "APIProject", "APIProject\APIProject.csproj", "{B4C20923-523E-4850-AC8A-A84BEC142A99}"
EndProject
Global
	GlobalSection(SolutionConfigurationPlatforms) = preSolution
		Debug|Any CPU = Debug|Any CPU
		Release|Any CPU = Release|Any CPU
	EndGlobalSection
	GlobalSection(ProjectConfigurationPlatforms) = postSolution
		{B4C20923-523E-4850-AC8A-A84BEC142A99}.Debug|Any CPU.ActiveCfg = Debug|Any CPU
		{B4C20923-523E-4850-AC8A-A84BEC142A99}.Debug|Any CPU.Build.0 = Debug|Any CPU
		{B4C20923-523E-4850-AC8A-A84BEC142A99}.Release|Any CPU.ActiveCfg = Release|Any CPU
		{B4C20923-523E-4850-AC8A-A84BEC142A99}.Release|Any CPU.Build.0 = Release|Any CPU
	EndGlobalSection
	GlobalSection(SolutionProperties) = preSolution
		HideSolutionNode = FALSE
	EndGlobalSection
	GlobalSection(ExtensibilityGlobals) = postSolution
		SolutionGuid = {4E008844-8C16-4A68-899C-48A3D5EBDFA9}
	EndGlobalSection
EndGlobal
